
Microsoft Visual Studio Solution File, Format Version 12.00
# Visual Studio Version 17
VisualStudioVersion = 17.7.34302.85
MinimumVisualStudioVersion = 10.0.40219.1
Project("{8BC9CEB8-8B4A-11D0-8D11-00A0C91BC942}") = "Задача 1. Возведение в квадрат", "Задача 1. Возведение в квадрат\Задача 1. Возведение в квадрат.vcxproj", "{A3B010DA-625F-4129-AAF6-A3D1D909D63B}"
EndProject
Global
	GlobalSection(SolutionConfigurationPlatforms) = preSolution
		Debug|x64 = Debug|x64
		Debug|x86 = Debug|x86
		Release|x64 = Release|x64
		Release|x86 = Release|x86
	EndGlobalSection
	GlobalSection(ProjectConfigurationPlatforms) = postSolution
		{A3B010DA-625F-4129-AAF6-A3D1D909D63B}.Debug|x64.ActiveCfg = Debug|x64
		{A3B010DA-625F-4129-AAF6-A3D1D909D63B}.Debug|x64.Build.0 = Debug|x64
		{A3B010DA-625F-4129-AAF6-A3D1D909D63B}.Debug|x86.ActiveCfg = Debug|Win32
		{A3B010DA-625F-4129-AAF6-A3D1D909D63B}.Debug|x86.Build.0 = Debug|Win32
		{A3B010DA-625F-4129-AAF6-A3D1D909D63B}.Release|x64.ActiveCfg = Release|x64
		{A3B010DA-625F-4129-AAF6-A3D1D909D63B}.Release|x64.Build.0 = Release|x64
		{A3B010DA-625F-4129-AAF6-A3D1D909D63B}.Release|x86.ActiveCfg = Release|Win32
		{A3B010DA-625F-4129-AAF6-A3D1D909D63B}.Release|x86.Build.0 = Release|Win32
	EndGlobalSection
	GlobalSection(SolutionProperties) = preSolution
		HideSolutionNode = FALSE
	EndGlobalSection
	GlobalSection(ExtensibilityGlobals) = postSolution
		SolutionGuid = {F1C0514D-E549-4000-A41D-0904C4DC6763}
	EndGlobalSection
EndGlobal
